{
  "nodes": {
    "fenix": {
      "inputs": {
        "nixpkgs": [
          "nixpkgs"
        ],
        "rust-analyzer-src": "rust-analyzer-src"
      },
      "locked": {
        "lastModified": 1721889009,
        "narHash": "sha256-cJYJnZ0vp0AJqoo9n2YDTBvsMLry+mm9wx93lapWddI=",
        "owner": "nix-community",
        "repo": "fenix",
        "rev": "41b1295b666f7349cd80daaca53b72a672b90963",
        "type": "github"
      },
      "original": {
        "owner": "nix-community",
        "repo": "fenix",
        "type": "github"
      }
    },
    "flake-parts": {
      "inputs": {
        "nixpkgs-lib": "nixpkgs-lib"
      },
      "locked": {
        "lastModified": 1719994518,
        "narHash": "sha256-pQMhCCHyQGRzdfAkdJ4cIWiw+JNuWsTX7f0ZYSyz0VY=",
        "owner": "hercules-ci",
        "repo": "flake-parts",
        "rev": "9227223f6d922fee3c7b190b2cc238a99527bbb7",
        "type": "github"
      },
      "original": {
        "owner": "hercules-ci",
        "repo": "flake-parts",
        "type": "github"
      }
    },
    "naersk": {
      "inputs": {
        "nixpkgs": [
          "nixpkgs"
        ]
      },
      "locked": {
        "lastModified": 1721727458,
        "narHash": "sha256-r/xppY958gmZ4oTfLiHN0ZGuQ+RSTijDblVgVLFi1mw=",
        "owner": "nix-community",
        "repo": "naersk",
        "rev": "3fb418eaf352498f6b6c30592e3beb63df42ef11",
        "type": "github"
      },
      "original": {
        "owner": "nix-community",
        "repo": "naersk",
        "type": "github"
      }
    },
    "nixpkgs": {
      "locked": {
        "lastModified": 1721933792,
        "narHash": "sha256-zYVwABlQnxpbaHMfX6Wt9jhyQstFYwN2XjleOJV3VVg=",
        "owner": "nixos",
        "repo": "nixpkgs",
        "rev": "2122a9b35b35719ad9a395fe783eabb092df01b1",
        "type": "github"
      },
      "original": {
        "owner": "nixos",
        "ref": "nixpkgs-unstable",
        "repo": "nixpkgs",
        "type": "github"
      }
    },
    "nixpkgs-lib": {
      "locked": {
        "lastModified": 1719876945,
        "narHash": "sha256-Fm2rDDs86sHy0/1jxTOKB1118Q0O3Uc7EC0iXvXKpbI=",
        "type": "tarball",
        "url": "https://github.com/NixOS/nixpkgs/archive/5daf0514482af3f97abaefc78a6606365c9108e2.tar.gz"
      },
      "original": {
        "type": "tarball",
        "url": "https://github.com/NixOS/nixpkgs/archive/5daf0514482af3f97abaefc78a6606365c9108e2.tar.gz"
      }
    },
    "root": {
      "inputs": {
        "fenix": "fenix",
        "flake-parts": "flake-parts",
        "naersk": "naersk",
        "nixpkgs": "nixpkgs"
      }
    },
    "rust-analyzer-src": {
      "flake": false,
      "locked": {
        "lastModified": 1721815858,
        "narHash": "sha256-h6ZlZEVBTsJCqE1kpM7ae9k/E09kUjmSVuvvpUC3MCY=",
        "owner": "rust-lang",
        "repo": "rust-analyzer",
        "rev": "eeb192b79aeac47b40add66347022af17a74fbaf",
        "type": "github"
      },
      "original": {
        "owner": "rust-lang",
        "ref": "nightly",
        "repo": "rust-analyzer",
        "type": "github"
      }
    }
  },
  "root": "root",
  "version": 7
}
